
Microsoft Visual Studio Solution File, Format Version 12.00
# Visual Studio Version 17
VisualStudioVersion = 17.14.36511.14 d17.14
MinimumVisualStudioVersion = 10.0.40219.1
Project("{FAE04EC0-301F-11D3-BF4B-00C04F79EFBC}") = "Hafta4Pazartesi", "Hafta4Pazartesi\Hafta4Pazartesi.csproj", "{BCC5472F-B862-4883-B685-F816EDAC6774}"
EndProject
Global
	GlobalSection(SolutionConfigurationPlatforms) = preSolution
		Debug|Any CPU = Debug|Any CPU
		Release|Any CPU = Release|Any CPU
	EndGlobalSection
	GlobalSection(ProjectConfigurationPlatforms) = postSolution
		{BCC5472F-B862-4883-B685-F816EDAC6774}.Debug|Any CPU.ActiveCfg = Debug|Any CPU
		{BCC5472F-B862-4883-B685-F816EDAC6774}.Debug|Any CPU.Build.0 = Debug|Any CPU
		{BCC5472F-B862-4883-B685-F816EDAC6774}.Release|Any CPU.ActiveCfg = Release|Any CPU
		{BCC5472F-B862-4883-B685-F816EDAC6774}.Release|Any CPU.Build.0 = Release|Any CPU
	EndGlobalSection
	GlobalSection(SolutionProperties) = preSolution
		HideSolutionNode = FALSE
	EndGlobalSection
	GlobalSection(ExtensibilityGlobals) = postSolution
		SolutionGuid = {5ECE97BC-15E1-4352-B8F6-E0E5CB666806}
	EndGlobalSection
EndGlobal
