
Microsoft Visual Studio Solution File, Format Version 12.00
# Visual Studio Version 17
VisualStudioVersion = 17.14.36623.8 d17.14
MinimumVisualStudioVersion = 10.0.40219.1
Project("{FAE04EC0-301F-11D3-BF4B-00C04F79EFBC}") = "Hafa10Pazartesi", "Hafa10Pazartesi\Hafa10Pazartesi.csproj", "{692C591D-385A-4213-9F14-1A79BCB568E1}"
EndProject
Global
	GlobalSection(SolutionConfigurationPlatforms) = preSolution
		Debug|Any CPU = Debug|Any CPU
		Release|Any CPU = Release|Any CPU
	EndGlobalSection
	GlobalSection(ProjectConfigurationPlatforms) = postSolution
		{692C591D-385A-4213-9F14-1A79BCB568E1}.Debug|Any CPU.ActiveCfg = Debug|Any CPU
		{692C591D-385A-4213-9F14-1A79BCB568E1}.Debug|Any CPU.Build.0 = Debug|Any CPU
		{692C591D-385A-4213-9F14-1A79BCB568E1}.Release|Any CPU.ActiveCfg = Release|Any CPU
		{692C591D-385A-4213-9F14-1A79BCB568E1}.Release|Any CPU.Build.0 = Release|Any CPU
	EndGlobalSection
	GlobalSection(SolutionProperties) = preSolution
		HideSolutionNode = FALSE
	EndGlobalSection
	GlobalSection(ExtensibilityGlobals) = postSolution
		SolutionGuid = {4A9360F2-4367-4AE3-BB2C-25C7F3486C8D}
	EndGlobalSection
EndGlobal
