
Microsoft Visual Studio Solution File, Format Version 12.00
# Visual Studio Version 17
VisualStudioVersion = 17.14.36511.14 d17.14
MinimumVisualStudioVersion = 10.0.40219.1
Project("{FAE04EC0-301F-11D3-BF4B-00C04F79EFBC}") = "Hafta3Pazartesi", "Hafta3Pazartesi\Hafta3Pazartesi.csproj", "{8F732326-ECC8-4A91-BC8E-6A1CCC827760}"
EndProject
Global
	GlobalSection(SolutionConfigurationPlatforms) = preSolution
		Debug|Any CPU = Debug|Any CPU
		Release|Any CPU = Release|Any CPU
	EndGlobalSection
	GlobalSection(ProjectConfigurationPlatforms) = postSolution
		{8F732326-ECC8-4A91-BC8E-6A1CCC827760}.Debug|Any CPU.ActiveCfg = Debug|Any CPU
		{8F732326-ECC8-4A91-BC8E-6A1CCC827760}.Debug|Any CPU.Build.0 = Debug|Any CPU
		{8F732326-ECC8-4A91-BC8E-6A1CCC827760}.Release|Any CPU.ActiveCfg = Release|Any CPU
		{8F732326-ECC8-4A91-BC8E-6A1CCC827760}.Release|Any CPU.Build.0 = Release|Any CPU
	EndGlobalSection
	GlobalSection(SolutionProperties) = preSolution
		HideSolutionNode = FALSE
	EndGlobalSection
	GlobalSection(ExtensibilityGlobals) = postSolution
		SolutionGuid = {AF57ADF1-CC53-4FC2-B0C6-2E8C82755667}
	EndGlobalSection
EndGlobal
