
Microsoft Visual Studio Solution File, Format Version 12.00
# Visual Studio Version 17
VisualStudioVersion = 17.14.36518.9 d17.14
MinimumVisualStudioVersion = 10.0.40219.1
Project("{FAE04EC0-301F-11D3-BF4B-00C04F79EFBC}") = "VizeCalismaSorulari", "VizeCalismaSorulari\VizeCalismaSorulari.csproj", "{A6CA6C73-92AD-4AE5-A197-74557DBBA347}"
EndProject
Global
	GlobalSection(SolutionConfigurationPlatforms) = preSolution
		Debug|Any CPU = Debug|Any CPU
		Release|Any CPU = Release|Any CPU
	EndGlobalSection
	GlobalSection(ProjectConfigurationPlatforms) = postSolution
		{A6CA6C73-92AD-4AE5-A197-74557DBBA347}.Debug|Any CPU.ActiveCfg = Debug|Any CPU
		{A6CA6C73-92AD-4AE5-A197-74557DBBA347}.Debug|Any CPU.Build.0 = Debug|Any CPU
		{A6CA6C73-92AD-4AE5-A197-74557DBBA347}.Release|Any CPU.ActiveCfg = Release|Any CPU
		{A6CA6C73-92AD-4AE5-A197-74557DBBA347}.Release|Any CPU.Build.0 = Release|Any CPU
	EndGlobalSection
	GlobalSection(SolutionProperties) = preSolution
		HideSolutionNode = FALSE
	EndGlobalSection
	GlobalSection(ExtensibilityGlobals) = postSolution
		SolutionGuid = {3F1AB462-3AF8-449F-B411-5B231B135C88}
	EndGlobalSection
EndGlobal
