
Microsoft Visual Studio Solution File, Format Version 12.00
# Visual Studio Version 17
VisualStudioVersion = 17.14.36511.14 d17.14
MinimumVisualStudioVersion = 10.0.40219.1
Project("{FAE04EC0-301F-11D3-BF4B-00C04F79EFBC}") = "HesapMakinesiKolay", "HesapMakinesiKolay\HesapMakinesiKolay.csproj", "{A50AB3F7-87E8-4243-83B4-DDE0F69B8387}"
EndProject
Global
	GlobalSection(SolutionConfigurationPlatforms) = preSolution
		Debug|Any CPU = Debug|Any CPU
		Release|Any CPU = Release|Any CPU
	EndGlobalSection
	GlobalSection(ProjectConfigurationPlatforms) = postSolution
		{A50AB3F7-87E8-4243-83B4-DDE0F69B8387}.Debug|Any CPU.ActiveCfg = Debug|Any CPU
		{A50AB3F7-87E8-4243-83B4-DDE0F69B8387}.Debug|Any CPU.Build.0 = Debug|Any CPU
		{A50AB3F7-87E8-4243-83B4-DDE0F69B8387}.Release|Any CPU.ActiveCfg = Release|Any CPU
		{A50AB3F7-87E8-4243-83B4-DDE0F69B8387}.Release|Any CPU.Build.0 = Release|Any CPU
	EndGlobalSection
	GlobalSection(SolutionProperties) = preSolution
		HideSolutionNode = FALSE
	EndGlobalSection
	GlobalSection(ExtensibilityGlobals) = postSolution
		SolutionGuid = {C6E5DB13-E78B-4EE0-85D9-E82DF776372B}
	EndGlobalSection
EndGlobal
