
Microsoft Visual Studio Solution File, Format Version 12.00
# Visual Studio Version 17
VisualStudioVersion = 17.14.36623.8 d17.14
MinimumVisualStudioVersion = 10.0.40219.1
Project("{FAE04EC0-301F-11D3-BF4B-00C04F79EFBC}") = "Hafta09Pazartesi", "Hafta09Pazartesi\Hafta09Pazartesi.csproj", "{91152CE9-105E-4550-A707-F2E525716718}"
EndProject
Global
	GlobalSection(SolutionConfigurationPlatforms) = preSolution
		Debug|Any CPU = Debug|Any CPU
		Release|Any CPU = Release|Any CPU
	EndGlobalSection
	GlobalSection(ProjectConfigurationPlatforms) = postSolution
		{91152CE9-105E-4550-A707-F2E525716718}.Debug|Any CPU.ActiveCfg = Debug|Any CPU
		{91152CE9-105E-4550-A707-F2E525716718}.Debug|Any CPU.Build.0 = Debug|Any CPU
		{91152CE9-105E-4550-A707-F2E525716718}.Release|Any CPU.ActiveCfg = Release|Any CPU
		{91152CE9-105E-4550-A707-F2E525716718}.Release|Any CPU.Build.0 = Release|Any CPU
	EndGlobalSection
	GlobalSection(SolutionProperties) = preSolution
		HideSolutionNode = FALSE
	EndGlobalSection
	GlobalSection(ExtensibilityGlobals) = postSolution
		SolutionGuid = {391B0B4F-9CD3-4227-8B8C-CCD4DDCAED41}
	EndGlobalSection
EndGlobal
